{
  "object": {
    "pins": [
      {
        "package": "AmazonOrderExtractor",
        "repositoryURL": "https://github.com/AthanasiusOfAlex/AmazonOrderExtractor.git",
        "state": {
          "branch": "master",
          "revision": "8a3b258601897c221caed7958d06f0bd8f60add3",
          "version": null
        }
      },
      {
        "package": "MicrosoftOutlookScripting",
        "repositoryURL": "https://github.com/AthanasiusOfAlex/MicrosoftOutlookScripting.git",
        "state": {
          "branch": "master",
          "revision": "4ec4c552d55cb9f9c65a5748c03b17870c5c5a40",
          "version": null
        }
      },
      {
        "package": "Regex",
        "repositoryURL": "https://github.com/sharplet/Regex.git",
        "state": {
          "branch": "master",
          "revision": "0b18d20fbc9c279cf6493dd0fd431ebb40a7741b",
          "version": null
        }
      },
      {
        "package": "ScriptingUtilities",
        "repositoryURL": "https://github.com/AthanasiusOfAlex/ScriptingUtilities.git",
        "state": {
          "branch": "master",
          "revision": "8aaf67eeec5126936fc25ff8c50c6152fea755a2",
          "version": null
        }
      },
      {
        "package": "SwiftSoup",
        "repositoryURL": "https://github.com/scinfu/SwiftSoup.git",
        "state": {
          "branch": "master",
          "revision": "11da8c685ddde2d519fad04a7daf8485bbbc773e",
          "version": null
        }
      }
    ]
  },
  "version": 1
}
