{
  "object": {
    "pins": [
      {
        "package": "AmazonOrderExtractor",
        "repositoryURL": "https://github.com/AthanasiusOfAlex/AmazonOrderExtractor.git",
        "state": {
          "branch": "master",
          "revision": "c75a93b867ced9bcbe21dc9476088d699d5cd5bb",
          "version": null
        }
      },
      {
        "package": "MicrosoftOutlookScripting",
        "repositoryURL": "https://github.com/AthanasiusOfAlex/MicrosoftOutlookScripting.git",
        "state": {
          "branch": "master",
          "revision": "4ec4c552d55cb9f9c65a5748c03b17870c5c5a40",
          "version": null
        }
      },
      {
        "package": "Regex",
        "repositoryURL": "https://github.com/sharplet/Regex.git",
        "state": {
          "branch": "master",
          "revision": "4551ab30d10f51326a7f04a5a8207658239a1586",
          "version": null
        }
      },
      {
        "package": "ScriptingUtilities",
        "repositoryURL": "https://github.com/AthanasiusOfAlex/ScriptingUtilities.git",
        "state": {
          "branch": "master",
          "revision": "8aaf67eeec5126936fc25ff8c50c6152fea755a2",
          "version": null
        }
      },
      {
        "package": "SwiftSoup",
        "repositoryURL": "https://github.com/scinfu/SwiftSoup.git",
        "state": {
          "branch": "master",
          "revision": "7f187fd8804e63dea89879c95d7c2f7703727d0f",
          "version": null
        }
      }
    ]
  },
  "version": 1
}
