// !$*UTF8*$!
{
   archiveVersion = "1";
   objectVersion = "46";
   objects = {
      "AmazonOrderExtractor::AmazonOrderExtractor" = {
         isa = "PBXNativeTarget";
         buildConfigurationList = "OBJ_106";
         buildPhases = (
            "OBJ_109",
            "OBJ_112"
         );
         dependencies = (
            "OBJ_117",
            "OBJ_119",
            "OBJ_121",
            "OBJ_123"
         );
         name = "AmazonOrderExtractor";
         productName = "AmazonOrderExtractor";
         productReference = "AmazonOrderExtractor::AmazonOrderExtractor::Product";
         productType = "com.apple.product-type.framework";
      };
      "AmazonOrderExtractor::AmazonOrderExtractor::Product" = {
         isa = "PBXFileReference";
         path = "AmazonOrderExtractor.framework";
         sourceTree = "BUILT_PRODUCTS_DIR";
      };
      "AmazonOrderExtractor::SwiftPMPackageDescription" = {
         isa = "PBXNativeTarget";
         buildConfigurationList = "OBJ_126";
         buildPhases = (
            "OBJ_129"
         );
         dependencies = (
         );
         name = "AmazonOrderExtractorPackageDescription";
         productName = "AmazonOrderExtractorPackageDescription";
         productType = "com.apple.product-type.framework";
      };
      "MicrosoftOutlookScripting::MicrosoftOutlookScripting" = {
         isa = "PBXNativeTarget";
         buildConfigurationList = "OBJ_131";
         buildPhases = (
            "OBJ_134",
            "OBJ_137"
         );
         dependencies = (
            "OBJ_139"
         );
         name = "MicrosoftOutlookScripting";
         productName = "MicrosoftOutlookScripting";
         productReference = "MicrosoftOutlookScripting::MicrosoftOutlookScripting::Product";
         productType = "com.apple.product-type.framework";
      };
      "MicrosoftOutlookScripting::MicrosoftOutlookScripting::Product" = {
         isa = "PBXFileReference";
         path = "MicrosoftOutlookScripting.framework";
         sourceTree = "BUILT_PRODUCTS_DIR";
      };
      "MicrosoftOutlookScripting::SwiftPMPackageDescription" = {
         isa = "PBXNativeTarget";
         buildConfigurationList = "OBJ_141";
         buildPhases = (
            "OBJ_144"
         );
         dependencies = (
         );
         name = "MicrosoftOutlookScriptingPackageDescription";
         productName = "MicrosoftOutlookScriptingPackageDescription";
         productType = "com.apple.product-type.framework";
      };
      "OBJ_1" = {
         isa = "PBXProject";
         attributes = {
            LastUpgradeCheck = "9999";
         };
         buildConfigurationList = "OBJ_2";
         compatibilityVersion = "Xcode 3.2";
         developmentRegion = "English";
         hasScannedForEncodings = "0";
         knownRegions = (
            "en"
         );
         mainGroup = "OBJ_5";
         productRefGroup = "OBJ_97";
         projectDirPath = ".";
         targets = (
            "AmazonOrderExtractor::AmazonOrderExtractor",
            "AmazonOrderExtractor::SwiftPMPackageDescription",
            "MicrosoftOutlookScripting::MicrosoftOutlookScripting",
            "MicrosoftOutlookScripting::SwiftPMPackageDescription",
            "Regex::Regex",
            "Regex::SwiftPMPackageDescription",
            "ScriptingUtilities::ScriptingUtilities",
            "ScriptingUtilities::SwiftPMPackageDescription",
            "SwiftSoup::SwiftSoup",
            "SwiftSoup::SwiftPMPackageDescription",
            "extract-amazon-orders::extract-amazon-orders",
            "extract-amazon-orders::SwiftPMPackageDescription",
            "extract-amazon-orders::extract-amazon-ordersPackageTests::ProductTarget",
            "extract-amazon-orders::extract-amazon-ordersTests"
         );
      };
      "OBJ_10" = {
         isa = "PBXGroup";
         children = (
            "OBJ_11"
         );
         name = "Tests";
         path = "";
         sourceTree = "SOURCE_ROOT";
      };
      "OBJ_106" = {
         isa = "XCConfigurationList";
         buildConfigurations = (
            "OBJ_107",
            "OBJ_108"
         );
         defaultConfigurationIsVisible = "0";
         defaultConfigurationName = "Release";
      };
      "OBJ_107" = {
         isa = "XCBuildConfiguration";
         buildSettings = {
            ENABLE_TESTABILITY = "YES";
            FRAMEWORK_SEARCH_PATHS = (
               "$(inherited)",
               "$(PLATFORM_DIR)/Developer/Library/Frameworks"
            );
            HEADER_SEARCH_PATHS = (
               "$(inherited)"
            );
            INFOPLIST_FILE = "extract-amazon-orders.xcodeproj/AmazonOrderExtractor_Info.plist";
            LD_RUNPATH_SEARCH_PATHS = (
               "$(inherited)",
               "$(TOOLCHAIN_DIR)/usr/lib/swift/macosx"
            );
            OTHER_CFLAGS = (
               "$(inherited)"
            );
            OTHER_LDFLAGS = (
               "$(inherited)"
            );
            OTHER_SWIFT_FLAGS = (
               "$(inherited)"
            );
            PRODUCT_BUNDLE_IDENTIFIER = "AmazonOrderExtractor";
            PRODUCT_MODULE_NAME = "$(TARGET_NAME:c99extidentifier)";
            PRODUCT_NAME = "$(TARGET_NAME:c99extidentifier)";
            SKIP_INSTALL = "YES";
            SWIFT_ACTIVE_COMPILATION_CONDITIONS = (
               "$(inherited)"
            );
            SWIFT_VERSION = "4.2";
            TARGET_NAME = "AmazonOrderExtractor";
         };
         name = "Debug";
      };
      "OBJ_108" = {
         isa = "XCBuildConfiguration";
         buildSettings = {
            ENABLE_TESTABILITY = "YES";
            FRAMEWORK_SEARCH_PATHS = (
               "$(inherited)",
               "$(PLATFORM_DIR)/Developer/Library/Frameworks"
            );
            HEADER_SEARCH_PATHS = (
               "$(inherited)"
            );
            INFOPLIST_FILE = "extract-amazon-orders.xcodeproj/AmazonOrderExtractor_Info.plist";
            LD_RUNPATH_SEARCH_PATHS = (
               "$(inherited)",
               "$(TOOLCHAIN_DIR)/usr/lib/swift/macosx"
            );
            OTHER_CFLAGS = (
               "$(inherited)"
            );
            OTHER_LDFLAGS = (
               "$(inherited)"
            );
            OTHER_SWIFT_FLAGS = (
               "$(inherited)"
            );
            PRODUCT_BUNDLE_IDENTIFIER = "AmazonOrderExtractor";
            PRODUCT_MODULE_NAME = "$(TARGET_NAME:c99extidentifier)";
            PRODUCT_NAME = "$(TARGET_NAME:c99extidentifier)";
            SKIP_INSTALL = "YES";
            SWIFT_ACTIVE_COMPILATION_CONDITIONS = (
               "$(inherited)"
            );
            SWIFT_VERSION = "4.2";
            TARGET_NAME = "AmazonOrderExtractor";
         };
         name = "Release";
      };
      "OBJ_109" = {
         isa = "PBXSourcesBuildPhase";
         files = (
            "OBJ_110",
            "OBJ_111"
         );
      };
      "OBJ_11" = {
         isa = "PBXGroup";
         children = (
            "OBJ_12",
            "OBJ_13"
         );
         name = "extract-amazon-ordersTests";
         path = "Tests/extract-amazon-ordersTests";
         sourceTree = "SOURCE_ROOT";
      };
      "OBJ_110" = {
         isa = "PBXBuildFile";
         fileRef = "OBJ_17";
      };
      "OBJ_111" = {
         isa = "PBXBuildFile";
         fileRef = "OBJ_18";
      };
      "OBJ_112" = {
         isa = "PBXFrameworksBuildPhase";
         files = (
            "OBJ_113",
            "OBJ_114",
            "OBJ_115",
            "OBJ_116"
         );
      };
      "OBJ_113" = {
         isa = "PBXBuildFile";
         fileRef = "Regex::Regex::Product";
      };
      "OBJ_114" = {
         isa = "PBXBuildFile";
         fileRef = "SwiftSoup::SwiftSoup::Product";
      };
      "OBJ_115" = {
         isa = "PBXBuildFile";
         fileRef = "MicrosoftOutlookScripting::MicrosoftOutlookScripting::Product";
      };
      "OBJ_116" = {
         isa = "PBXBuildFile";
         fileRef = "ScriptingUtilities::ScriptingUtilities::Product";
      };
      "OBJ_117" = {
         isa = "PBXTargetDependency";
         target = "Regex::Regex";
      };
      "OBJ_119" = {
         isa = "PBXTargetDependency";
         target = "SwiftSoup::SwiftSoup";
      };
      "OBJ_12" = {
         isa = "PBXFileReference";
         path = "XCTestManifests.swift";
         sourceTree = "<group>";
      };
      "OBJ_121" = {
         isa = "PBXTargetDependency";
         target = "MicrosoftOutlookScripting::MicrosoftOutlookScripting";
      };
      "OBJ_123" = {
         isa = "PBXTargetDependency";
         target = "ScriptingUtilities::ScriptingUtilities";
      };
      "OBJ_126" = {
         isa = "XCConfigurationList";
         buildConfigurations = (
            "OBJ_127",
            "OBJ_128"
         );
         defaultConfigurationIsVisible = "0";
         defaultConfigurationName = "Release";
      };
      "OBJ_127" = {
         isa = "XCBuildConfiguration";
         buildSettings = {
            LD = "/usr/bin/true";
            OTHER_SWIFT_FLAGS = (
               "-swift-version",
               "4.2",
               "-I",
               "$(TOOLCHAIN_DIR)/usr/lib/swift/pm/4_2",
               "-target",
               "x86_64-apple-macosx10.10",
               "-sdk",
               "/Applications/Xcode.app/Contents/Developer/Platforms/MacOSX.platform/Developer/SDKs/MacOSX10.14.sdk"
            );
            SWIFT_VERSION = "4.2";
         };
         name = "Debug";
      };
      "OBJ_128" = {
         isa = "XCBuildConfiguration";
         buildSettings = {
            LD = "/usr/bin/true";
            OTHER_SWIFT_FLAGS = (
               "-swift-version",
               "4.2",
               "-I",
               "$(TOOLCHAIN_DIR)/usr/lib/swift/pm/4_2",
               "-target",
               "x86_64-apple-macosx10.10",
               "-sdk",
               "/Applications/Xcode.app/Contents/Developer/Platforms/MacOSX.platform/Developer/SDKs/MacOSX10.14.sdk"
            );
            SWIFT_VERSION = "4.2";
         };
         name = "Release";
      };
      "OBJ_129" = {
         isa = "PBXSourcesBuildPhase";
         files = (
            "OBJ_130"
         );
      };
      "OBJ_13" = {
         isa = "PBXFileReference";
         path = "extract_amazon_ordersTests.swift";
         sourceTree = "<group>";
      };
      "OBJ_130" = {
         isa = "PBXBuildFile";
         fileRef = "OBJ_19";
      };
      "OBJ_131" = {
         isa = "XCConfigurationList";
         buildConfigurations = (
            "OBJ_132",
            "OBJ_133"
         );
         defaultConfigurationIsVisible = "0";
         defaultConfigurationName = "Release";
      };
      "OBJ_132" = {
         isa = "XCBuildConfiguration";
         buildSettings = {
            ENABLE_TESTABILITY = "YES";
            FRAMEWORK_SEARCH_PATHS = (
               "$(inherited)",
               "$(PLATFORM_DIR)/Developer/Library/Frameworks"
            );
            HEADER_SEARCH_PATHS = (
               "$(inherited)"
            );
            INFOPLIST_FILE = "extract-amazon-orders.xcodeproj/MicrosoftOutlookScripting_Info.plist";
            LD_RUNPATH_SEARCH_PATHS = (
               "$(inherited)",
               "$(TOOLCHAIN_DIR)/usr/lib/swift/macosx"
            );
            OTHER_CFLAGS = (
               "$(inherited)"
            );
            OTHER_LDFLAGS = (
               "$(inherited)"
            );
            OTHER_SWIFT_FLAGS = (
               "$(inherited)"
            );
            PRODUCT_BUNDLE_IDENTIFIER = "MicrosoftOutlookScripting";
            PRODUCT_MODULE_NAME = "$(TARGET_NAME:c99extidentifier)";
            PRODUCT_NAME = "$(TARGET_NAME:c99extidentifier)";
            SKIP_INSTALL = "YES";
            SWIFT_ACTIVE_COMPILATION_CONDITIONS = (
               "$(inherited)"
            );
            SWIFT_VERSION = "4.2";
            TARGET_NAME = "MicrosoftOutlookScripting";
         };
         name = "Debug";
      };
      "OBJ_133" = {
         isa = "XCBuildConfiguration";
         buildSettings = {
            ENABLE_TESTABILITY = "YES";
            FRAMEWORK_SEARCH_PATHS = (
               "$(inherited)",
               "$(PLATFORM_DIR)/Developer/Library/Frameworks"
            );
            HEADER_SEARCH_PATHS = (
               "$(inherited)"
            );
            INFOPLIST_FILE = "extract-amazon-orders.xcodeproj/MicrosoftOutlookScripting_Info.plist";
            LD_RUNPATH_SEARCH_PATHS = (
               "$(inherited)",
               "$(TOOLCHAIN_DIR)/usr/lib/swift/macosx"
            );
            OTHER_CFLAGS = (
               "$(inherited)"
            );
            OTHER_LDFLAGS = (
               "$(inherited)"
            );
            OTHER_SWIFT_FLAGS = (
               "$(inherited)"
            );
            PRODUCT_BUNDLE_IDENTIFIER = "MicrosoftOutlookScripting";
            PRODUCT_MODULE_NAME = "$(TARGET_NAME:c99extidentifier)";
            PRODUCT_NAME = "$(TARGET_NAME:c99extidentifier)";
            SKIP_INSTALL = "YES";
            SWIFT_ACTIVE_COMPILATION_CONDITIONS = (
               "$(inherited)"
            );
            SWIFT_VERSION = "4.2";
            TARGET_NAME = "MicrosoftOutlookScripting";
         };
         name = "Release";
      };
      "OBJ_134" = {
         isa = "PBXSourcesBuildPhase";
         files = (
            "OBJ_135",
            "OBJ_136"
         );
      };
      "OBJ_135" = {
         isa = "PBXBuildFile";
         fileRef = "OBJ_89";
      };
      "OBJ_136" = {
         isa = "PBXBuildFile";
         fileRef = "OBJ_90";
      };
      "OBJ_137" = {
         isa = "PBXFrameworksBuildPhase";
         files = (
            "OBJ_138"
         );
      };
      "OBJ_138" = {
         isa = "PBXBuildFile";
         fileRef = "ScriptingUtilities::ScriptingUtilities::Product";
      };
      "OBJ_139" = {
         isa = "PBXTargetDependency";
         target = "ScriptingUtilities::ScriptingUtilities";
      };
      "OBJ_14" = {
         isa = "PBXGroup";
         children = (
            "OBJ_15",
            "OBJ_20",
            "OBJ_29",
            "OBJ_87",
            "OBJ_92"
         );
         name = "Dependencies";
         path = "";
         sourceTree = "<group>";
      };
      "OBJ_141" = {
         isa = "XCConfigurationList";
         buildConfigurations = (
            "OBJ_142",
            "OBJ_143"
         );
         defaultConfigurationIsVisible = "0";
         defaultConfigurationName = "Release";
      };
      "OBJ_142" = {
         isa = "XCBuildConfiguration";
         buildSettings = {
            LD = "/usr/bin/true";
            OTHER_SWIFT_FLAGS = (
               "-swift-version",
               "4.2",
               "-I",
               "$(TOOLCHAIN_DIR)/usr/lib/swift/pm/4_2",
               "-target",
               "x86_64-apple-macosx10.10",
               "-sdk",
               "/Applications/Xcode.app/Contents/Developer/Platforms/MacOSX.platform/Developer/SDKs/MacOSX10.14.sdk"
            );
            SWIFT_VERSION = "4.2";
         };
         name = "Debug";
      };
      "OBJ_143" = {
         isa = "XCBuildConfiguration";
         buildSettings = {
            LD = "/usr/bin/true";
            OTHER_SWIFT_FLAGS = (
               "-swift-version",
               "4.2",
               "-I",
               "$(TOOLCHAIN_DIR)/usr/lib/swift/pm/4_2",
               "-target",
               "x86_64-apple-macosx10.10",
               "-sdk",
               "/Applications/Xcode.app/Contents/Developer/Platforms/MacOSX.platform/Developer/SDKs/MacOSX10.14.sdk"
            );
            SWIFT_VERSION = "4.2";
         };
         name = "Release";
      };
      "OBJ_144" = {
         isa = "PBXSourcesBuildPhase";
         files = (
            "OBJ_145"
         );
      };
      "OBJ_145" = {
         isa = "PBXBuildFile";
         fileRef = "OBJ_91";
      };
      "OBJ_146" = {
         isa = "XCConfigurationList";
         buildConfigurations = (
            "OBJ_147",
            "OBJ_148"
         );
         defaultConfigurationIsVisible = "0";
         defaultConfigurationName = "Release";
      };
      "OBJ_147" = {
         isa = "XCBuildConfiguration";
         buildSettings = {
            ENABLE_TESTABILITY = "YES";
            FRAMEWORK_SEARCH_PATHS = (
               "$(inherited)",
               "$(PLATFORM_DIR)/Developer/Library/Frameworks"
            );
            HEADER_SEARCH_PATHS = (
               "$(inherited)"
            );
            INFOPLIST_FILE = "extract-amazon-orders.xcodeproj/Regex_Info.plist";
            LD_RUNPATH_SEARCH_PATHS = (
               "$(inherited)",
               "$(TOOLCHAIN_DIR)/usr/lib/swift/macosx"
            );
            OTHER_CFLAGS = (
               "$(inherited)"
            );
            OTHER_LDFLAGS = (
               "$(inherited)"
            );
            OTHER_SWIFT_FLAGS = (
               "$(inherited)"
            );
            PRODUCT_BUNDLE_IDENTIFIER = "Regex";
            PRODUCT_MODULE_NAME = "$(TARGET_NAME:c99extidentifier)";
            PRODUCT_NAME = "$(TARGET_NAME:c99extidentifier)";
            SKIP_INSTALL = "YES";
            SWIFT_ACTIVE_COMPILATION_CONDITIONS = (
               "$(inherited)"
            );
            SWIFT_VERSION = "4.0";
            TARGET_NAME = "Regex";
         };
         name = "Debug";
      };
      "OBJ_148" = {
         isa = "XCBuildConfiguration";
         buildSettings = {
            ENABLE_TESTABILITY = "YES";
            FRAMEWORK_SEARCH_PATHS = (
               "$(inherited)",
               "$(PLATFORM_DIR)/Developer/Library/Frameworks"
            );
            HEADER_SEARCH_PATHS = (
               "$(inherited)"
            );
            INFOPLIST_FILE = "extract-amazon-orders.xcodeproj/Regex_Info.plist";
            LD_RUNPATH_SEARCH_PATHS = (
               "$(inherited)",
               "$(TOOLCHAIN_DIR)/usr/lib/swift/macosx"
            );
            OTHER_CFLAGS = (
               "$(inherited)"
            );
            OTHER_LDFLAGS = (
               "$(inherited)"
            );
            OTHER_SWIFT_FLAGS = (
               "$(inherited)"
            );
            PRODUCT_BUNDLE_IDENTIFIER = "Regex";
            PRODUCT_MODULE_NAME = "$(TARGET_NAME:c99extidentifier)";
            PRODUCT_NAME = "$(TARGET_NAME:c99extidentifier)";
            SKIP_INSTALL = "YES";
            SWIFT_ACTIVE_COMPILATION_CONDITIONS = (
               "$(inherited)"
            );
            SWIFT_VERSION = "4.0";
            TARGET_NAME = "Regex";
         };
         name = "Release";
      };
      "OBJ_149" = {
         isa = "PBXSourcesBuildPhase";
         files = (
            "OBJ_150",
            "OBJ_151",
            "OBJ_152",
            "OBJ_153",
            "OBJ_154",
            "OBJ_155",
            "OBJ_156"
         );
      };
      "OBJ_15" = {
         isa = "PBXGroup";
         children = (
            "OBJ_16",
            "OBJ_19"
         );
         name = "AmazonOrderExtractor";
         path = "";
         sourceTree = "SOURCE_ROOT";
      };
      "OBJ_150" = {
         isa = "PBXBuildFile";
         fileRef = "OBJ_22";
      };
      "OBJ_151" = {
         isa = "PBXBuildFile";
         fileRef = "OBJ_23";
      };
      "OBJ_152" = {
         isa = "PBXBuildFile";
         fileRef = "OBJ_24";
      };
      "OBJ_153" = {
         isa = "PBXBuildFile";
         fileRef = "OBJ_25";
      };
      "OBJ_154" = {
         isa = "PBXBuildFile";
         fileRef = "OBJ_26";
      };
      "OBJ_155" = {
         isa = "PBXBuildFile";
         fileRef = "OBJ_27";
      };
      "OBJ_156" = {
         isa = "PBXBuildFile";
         fileRef = "OBJ_28";
      };
      "OBJ_157" = {
         isa = "PBXFrameworksBuildPhase";
         files = (
         );
      };
      "OBJ_159" = {
         isa = "XCConfigurationList";
         buildConfigurations = (
            "OBJ_160",
            "OBJ_161"
         );
         defaultConfigurationIsVisible = "0";
         defaultConfigurationName = "Release";
      };
      "OBJ_16" = {
         isa = "PBXGroup";
         children = (
            "OBJ_17",
            "OBJ_18"
         );
         name = "AmazonOrderExtractor";
         path = ".build/checkouts/AmazonOrderExtractor.git--3769180048078329397/Sources/AmazonOrderExtractor";
         sourceTree = "SOURCE_ROOT";
      };
      "OBJ_160" = {
         isa = "XCBuildConfiguration";
         buildSettings = {
            LD = "/usr/bin/true";
            OTHER_SWIFT_FLAGS = (
               "-swift-version",
               "3",
               "-I",
               "$(TOOLCHAIN_DIR)/usr/lib/swift/pm/3",
               "-target",
               "x86_64-apple-macosx10.10",
               "-sdk",
               "/Applications/Xcode.app/Contents/Developer/Platforms/MacOSX.platform/Developer/SDKs/MacOSX10.14.sdk"
            );
            SWIFT_VERSION = "3.0";
         };
         name = "Debug";
      };
      "OBJ_161" = {
         isa = "XCBuildConfiguration";
         buildSettings = {
            LD = "/usr/bin/true";
            OTHER_SWIFT_FLAGS = (
               "-swift-version",
               "3",
               "-I",
               "$(TOOLCHAIN_DIR)/usr/lib/swift/pm/3",
               "-target",
               "x86_64-apple-macosx10.10",
               "-sdk",
               "/Applications/Xcode.app/Contents/Developer/Platforms/MacOSX.platform/Developer/SDKs/MacOSX10.14.sdk"
            );
            SWIFT_VERSION = "3.0";
         };
         name = "Release";
      };
      "OBJ_162" = {
         isa = "PBXSourcesBuildPhase";
         files = (
            "OBJ_163"
         );
      };
      "OBJ_163" = {
         isa = "PBXBuildFile";
         fileRef = "OBJ_21";
      };
      "OBJ_164" = {
         isa = "XCConfigurationList";
         buildConfigurations = (
            "OBJ_165",
            "OBJ_166"
         );
         defaultConfigurationIsVisible = "0";
         defaultConfigurationName = "Release";
      };
      "OBJ_165" = {
         isa = "XCBuildConfiguration";
         buildSettings = {
            ENABLE_TESTABILITY = "YES";
            FRAMEWORK_SEARCH_PATHS = (
               "$(inherited)",
               "$(PLATFORM_DIR)/Developer/Library/Frameworks"
            );
            HEADER_SEARCH_PATHS = (
               "$(inherited)"
            );
            INFOPLIST_FILE = "extract-amazon-orders.xcodeproj/ScriptingUtilities_Info.plist";
            LD_RUNPATH_SEARCH_PATHS = (
               "$(inherited)",
               "$(TOOLCHAIN_DIR)/usr/lib/swift/macosx"
            );
            OTHER_CFLAGS = (
               "$(inherited)"
            );
            OTHER_LDFLAGS = (
               "$(inherited)"
            );
            OTHER_SWIFT_FLAGS = (
               "$(inherited)"
            );
            PRODUCT_BUNDLE_IDENTIFIER = "ScriptingUtilities";
            PRODUCT_MODULE_NAME = "$(TARGET_NAME:c99extidentifier)";
            PRODUCT_NAME = "$(TARGET_NAME:c99extidentifier)";
            SKIP_INSTALL = "YES";
            SWIFT_ACTIVE_COMPILATION_CONDITIONS = (
               "$(inherited)"
            );
            SWIFT_VERSION = "4.2";
            TARGET_NAME = "ScriptingUtilities";
         };
         name = "Debug";
      };
      "OBJ_166" = {
         isa = "XCBuildConfiguration";
         buildSettings = {
            ENABLE_TESTABILITY = "YES";
            FRAMEWORK_SEARCH_PATHS = (
               "$(inherited)",
               "$(PLATFORM_DIR)/Developer/Library/Frameworks"
            );
            HEADER_SEARCH_PATHS = (
               "$(inherited)"
            );
            INFOPLIST_FILE = "extract-amazon-orders.xcodeproj/ScriptingUtilities_Info.plist";
            LD_RUNPATH_SEARCH_PATHS = (
               "$(inherited)",
               "$(TOOLCHAIN_DIR)/usr/lib/swift/macosx"
            );
            OTHER_CFLAGS = (
               "$(inherited)"
            );
            OTHER_LDFLAGS = (
               "$(inherited)"
            );
            OTHER_SWIFT_FLAGS = (
               "$(inherited)"
            );
            PRODUCT_BUNDLE_IDENTIFIER = "ScriptingUtilities";
            PRODUCT_MODULE_NAME = "$(TARGET_NAME:c99extidentifier)";
            PRODUCT_NAME = "$(TARGET_NAME:c99extidentifier)";
            SKIP_INSTALL = "YES";
            SWIFT_ACTIVE_COMPILATION_CONDITIONS = (
               "$(inherited)"
            );
            SWIFT_VERSION = "4.2";
            TARGET_NAME = "ScriptingUtilities";
         };
         name = "Release";
      };
      "OBJ_167" = {
         isa = "PBXSourcesBuildPhase";
         files = (
            "OBJ_168",
            "OBJ_169"
         );
      };
      "OBJ_168" = {
         isa = "PBXBuildFile";
         fileRef = "OBJ_94";
      };
      "OBJ_169" = {
         isa = "PBXBuildFile";
         fileRef = "OBJ_95";
      };
      "OBJ_17" = {
         isa = "PBXFileReference";
         path = "AmazonOrderExtractor.swift";
         sourceTree = "<group>";
      };
      "OBJ_170" = {
         isa = "PBXFrameworksBuildPhase";
         files = (
         );
      };
      "OBJ_172" = {
         isa = "XCConfigurationList";
         buildConfigurations = (
            "OBJ_173",
            "OBJ_174"
         );
         defaultConfigurationIsVisible = "0";
         defaultConfigurationName = "Release";
      };
      "OBJ_173" = {
         isa = "XCBuildConfiguration";
         buildSettings = {
            LD = "/usr/bin/true";
            OTHER_SWIFT_FLAGS = (
               "-swift-version",
               "4.2",
               "-I",
               "$(TOOLCHAIN_DIR)/usr/lib/swift/pm/4_2",
               "-target",
               "x86_64-apple-macosx10.10",
               "-sdk",
               "/Applications/Xcode.app/Contents/Developer/Platforms/MacOSX.platform/Developer/SDKs/MacOSX10.14.sdk"
            );
            SWIFT_VERSION = "4.2";
         };
         name = "Debug";
      };
      "OBJ_174" = {
         isa = "XCBuildConfiguration";
         buildSettings = {
            LD = "/usr/bin/true";
            OTHER_SWIFT_FLAGS = (
               "-swift-version",
               "4.2",
               "-I",
               "$(TOOLCHAIN_DIR)/usr/lib/swift/pm/4_2",
               "-target",
               "x86_64-apple-macosx10.10",
               "-sdk",
               "/Applications/Xcode.app/Contents/Developer/Platforms/MacOSX.platform/Developer/SDKs/MacOSX10.14.sdk"
            );
            SWIFT_VERSION = "4.2";
         };
         name = "Release";
      };
      "OBJ_175" = {
         isa = "PBXSourcesBuildPhase";
         files = (
            "OBJ_176"
         );
      };
      "OBJ_176" = {
         isa = "PBXBuildFile";
         fileRef = "OBJ_96";
      };
      "OBJ_177" = {
         isa = "XCConfigurationList";
         buildConfigurations = (
            "OBJ_178",
            "OBJ_179"
         );
         defaultConfigurationIsVisible = "0";
         defaultConfigurationName = "Release";
      };
      "OBJ_178" = {
         isa = "XCBuildConfiguration";
         buildSettings = {
            ENABLE_TESTABILITY = "YES";
            FRAMEWORK_SEARCH_PATHS = (
               "$(inherited)",
               "$(PLATFORM_DIR)/Developer/Library/Frameworks"
            );
            HEADER_SEARCH_PATHS = (
               "$(inherited)"
            );
            INFOPLIST_FILE = "extract-amazon-orders.xcodeproj/SwiftSoup_Info.plist";
            LD_RUNPATH_SEARCH_PATHS = (
               "$(inherited)",
               "$(TOOLCHAIN_DIR)/usr/lib/swift/macosx"
            );
            OTHER_CFLAGS = (
               "$(inherited)"
            );
            OTHER_LDFLAGS = (
               "$(inherited)"
            );
            OTHER_SWIFT_FLAGS = (
               "$(inherited)"
            );
            PRODUCT_BUNDLE_IDENTIFIER = "SwiftSoup";
            PRODUCT_MODULE_NAME = "$(TARGET_NAME:c99extidentifier)";
            PRODUCT_NAME = "$(TARGET_NAME:c99extidentifier)";
            SKIP_INSTALL = "YES";
            SWIFT_ACTIVE_COMPILATION_CONDITIONS = (
               "$(inherited)"
            );
            SWIFT_VERSION = "4.0";
            TARGET_NAME = "SwiftSoup";
         };
         name = "Debug";
      };
      "OBJ_179" = {
         isa = "XCBuildConfiguration";
         buildSettings = {
            ENABLE_TESTABILITY = "YES";
            FRAMEWORK_SEARCH_PATHS = (
               "$(inherited)",
               "$(PLATFORM_DIR)/Developer/Library/Frameworks"
            );
            HEADER_SEARCH_PATHS = (
               "$(inherited)"
            );
            INFOPLIST_FILE = "extract-amazon-orders.xcodeproj/SwiftSoup_Info.plist";
            LD_RUNPATH_SEARCH_PATHS = (
               "$(inherited)",
               "$(TOOLCHAIN_DIR)/usr/lib/swift/macosx"
            );
            OTHER_CFLAGS = (
               "$(inherited)"
            );
            OTHER_LDFLAGS = (
               "$(inherited)"
            );
            OTHER_SWIFT_FLAGS = (
               "$(inherited)"
            );
            PRODUCT_BUNDLE_IDENTIFIER = "SwiftSoup";
            PRODUCT_MODULE_NAME = "$(TARGET_NAME:c99extidentifier)";
            PRODUCT_NAME = "$(TARGET_NAME:c99extidentifier)";
            SKIP_INSTALL = "YES";
            SWIFT_ACTIVE_COMPILATION_CONDITIONS = (
               "$(inherited)"
            );
            SWIFT_VERSION = "4.0";
            TARGET_NAME = "SwiftSoup";
         };
         name = "Release";
      };
      "OBJ_18" = {
         isa = "PBXFileReference";
         path = "ChromeOperations.swift";
         sourceTree = "<group>";
      };
      "OBJ_180" = {
         isa = "PBXSourcesBuildPhase";
         files = (
            "OBJ_181",
            "OBJ_182",
            "OBJ_183",
            "OBJ_184",
            "OBJ_185",
            "OBJ_186",
            "OBJ_187",
            "OBJ_188",
            "OBJ_189",
            "OBJ_190",
            "OBJ_191",
            "OBJ_192",
            "OBJ_193",
            "OBJ_194",
            "OBJ_195",
            "OBJ_196",
            "OBJ_197",
            "OBJ_198",
            "OBJ_199",
            "OBJ_200",
            "OBJ_201",
            "OBJ_202",
            "OBJ_203",
            "OBJ_204",
            "OBJ_205",
            "OBJ_206",
            "OBJ_207",
            "OBJ_208",
            "OBJ_209",
            "OBJ_210",
            "OBJ_211",
            "OBJ_212",
            "OBJ_213",
            "OBJ_214",
            "OBJ_215",
            "OBJ_216",
            "OBJ_217",
            "OBJ_218",
            "OBJ_219",
            "OBJ_220",
            "OBJ_221",
            "OBJ_222",
            "OBJ_223",
            "OBJ_224",
            "OBJ_225",
            "OBJ_226",
            "OBJ_227",
            "OBJ_228",
            "OBJ_229",
            "OBJ_230",
            "OBJ_231",
            "OBJ_232",
            "OBJ_233",
            "OBJ_234",
            "OBJ_235",
            "OBJ_236"
         );
      };
      "OBJ_181" = {
         isa = "PBXBuildFile";
         fileRef = "OBJ_31";
      };
      "OBJ_182" = {
         isa = "PBXBuildFile";
         fileRef = "OBJ_32";
      };
      "OBJ_183" = {
         isa = "PBXBuildFile";
         fileRef = "OBJ_33";
      };
      "OBJ_184" = {
         isa = "PBXBuildFile";
         fileRef = "OBJ_34";
      };
      "OBJ_185" = {
         isa = "PBXBuildFile";
         fileRef = "OBJ_35";
      };
      "OBJ_186" = {
         isa = "PBXBuildFile";
         fileRef = "OBJ_36";
      };
      "OBJ_187" = {
         isa = "PBXBuildFile";
         fileRef = "OBJ_37";
      };
      "OBJ_188" = {
         isa = "PBXBuildFile";
         fileRef = "OBJ_38";
      };
      "OBJ_189" = {
         isa = "PBXBuildFile";
         fileRef = "OBJ_39";
      };
      "OBJ_19" = {
         isa = "PBXFileReference";
         explicitFileType = "sourcecode.swift";
         name = "Package.swift";
         path = "/Users/louismelahn/Documents/Projects/extract-amazon-orders/.build/checkouts/AmazonOrderExtractor.git--3769180048078329397/Package.swift";
         sourceTree = "<group>";
      };
      "OBJ_190" = {
         isa = "PBXBuildFile";
         fileRef = "OBJ_40";
      };
      "OBJ_191" = {
         isa = "PBXBuildFile";
         fileRef = "OBJ_41";
      };
      "OBJ_192" = {
         isa = "PBXBuildFile";
         fileRef = "OBJ_42";
      };
      "OBJ_193" = {
         isa = "PBXBuildFile";
         fileRef = "OBJ_43";
      };
      "OBJ_194" = {
         isa = "PBXBuildFile";
         fileRef = "OBJ_44";
      };
      "OBJ_195" = {
         isa = "PBXBuildFile";
         fileRef = "OBJ_45";
      };
      "OBJ_196" = {
         isa = "PBXBuildFile";
         fileRef = "OBJ_46";
      };
      "OBJ_197" = {
         isa = "PBXBuildFile";
         fileRef = "OBJ_47";
      };
      "OBJ_198" = {
         isa = "PBXBuildFile";
         fileRef = "OBJ_48";
      };
      "OBJ_199" = {
         isa = "PBXBuildFile";
         fileRef = "OBJ_49";
      };
      "OBJ_2" = {
         isa = "XCConfigurationList";
         buildConfigurations = (
            "OBJ_3",
            "OBJ_4"
         );
         defaultConfigurationIsVisible = "0";
         defaultConfigurationName = "Release";
      };
      "OBJ_20" = {
         isa = "PBXGroup";
         children = (
            "OBJ_21",
            "OBJ_22",
            "OBJ_23",
            "OBJ_24",
            "OBJ_25",
            "OBJ_26",
            "OBJ_27",
            "OBJ_28"
         );
         name = "Regex";
         path = ".build/checkouts/Regex.git-833338002637109913/Source";
         sourceTree = "SOURCE_ROOT";
      };
      "OBJ_200" = {
         isa = "PBXBuildFile";
         fileRef = "OBJ_50";
      };
      "OBJ_201" = {
         isa = "PBXBuildFile";
         fileRef = "OBJ_51";
      };
      "OBJ_202" = {
         isa = "PBXBuildFile";
         fileRef = "OBJ_52";
      };
      "OBJ_203" = {
         isa = "PBXBuildFile";
         fileRef = "OBJ_53";
      };
      "OBJ_204" = {
         isa = "PBXBuildFile";
         fileRef = "OBJ_54";
      };
      "OBJ_205" = {
         isa = "PBXBuildFile";
         fileRef = "OBJ_55";
      };
      "OBJ_206" = {
         isa = "PBXBuildFile";
         fileRef = "OBJ_56";
      };
      "OBJ_207" = {
         isa = "PBXBuildFile";
         fileRef = "OBJ_57";
      };
      "OBJ_208" = {
         isa = "PBXBuildFile";
         fileRef = "OBJ_58";
      };
      "OBJ_209" = {
         isa = "PBXBuildFile";
         fileRef = "OBJ_59";
      };
      "OBJ_21" = {
         isa = "PBXFileReference";
         explicitFileType = "sourcecode.swift";
         name = "Package.swift";
         path = "/Users/louismelahn/Documents/Projects/extract-amazon-orders/.build/checkouts/Regex.git-833338002637109913/Package.swift";
         sourceTree = "<group>";
      };
      "OBJ_210" = {
         isa = "PBXBuildFile";
         fileRef = "OBJ_60";
      };
      "OBJ_211" = {
         isa = "PBXBuildFile";
         fileRef = "OBJ_61";
      };
      "OBJ_212" = {
         isa = "PBXBuildFile";
         fileRef = "OBJ_62";
      };
      "OBJ_213" = {
         isa = "PBXBuildFile";
         fileRef = "OBJ_63";
      };
      "OBJ_214" = {
         isa = "PBXBuildFile";
         fileRef = "OBJ_64";
      };
      "OBJ_215" = {
         isa = "PBXBuildFile";
         fileRef = "OBJ_65";
      };
      "OBJ_216" = {
         isa = "PBXBuildFile";
         fileRef = "OBJ_66";
      };
      "OBJ_217" = {
         isa = "PBXBuildFile";
         fileRef = "OBJ_67";
      };
      "OBJ_218" = {
         isa = "PBXBuildFile";
         fileRef = "OBJ_68";
      };
      "OBJ_219" = {
         isa = "PBXBuildFile";
         fileRef = "OBJ_69";
      };
      "OBJ_22" = {
         isa = "PBXFileReference";
         path = "Foundation+Ranges.swift";
         sourceTree = "<group>";
      };
      "OBJ_220" = {
         isa = "PBXBuildFile";
         fileRef = "OBJ_70";
      };
      "OBJ_221" = {
         isa = "PBXBuildFile";
         fileRef = "OBJ_71";
      };
      "OBJ_222" = {
         isa = "PBXBuildFile";
         fileRef = "OBJ_72";
      };
      "OBJ_223" = {
         isa = "PBXBuildFile";
         fileRef = "OBJ_73";
      };
      "OBJ_224" = {
         isa = "PBXBuildFile";
         fileRef = "OBJ_74";
      };
      "OBJ_225" = {
         isa = "PBXBuildFile";
         fileRef = "OBJ_75";
      };
      "OBJ_226" = {
         isa = "PBXBuildFile";
         fileRef = "OBJ_76";
      };
      "OBJ_227" = {
         isa = "PBXBuildFile";
         fileRef = "OBJ_77";
      };
      "OBJ_228" = {
         isa = "PBXBuildFile";
         fileRef = "OBJ_78";
      };
      "OBJ_229" = {
         isa = "PBXBuildFile";
         fileRef = "OBJ_79";
      };
      "OBJ_23" = {
         isa = "PBXFileReference";
         path = "MatchResult.swift";
         sourceTree = "<group>";
      };
      "OBJ_230" = {
         isa = "PBXBuildFile";
         fileRef = "OBJ_80";
      };
      "OBJ_231" = {
         isa = "PBXBuildFile";
         fileRef = "OBJ_81";
      };
      "OBJ_232" = {
         isa = "PBXBuildFile";
         fileRef = "OBJ_82";
      };
      "OBJ_233" = {
         isa = "PBXBuildFile";
         fileRef = "OBJ_83";
      };
      "OBJ_234" = {
         isa = "PBXBuildFile";
         fileRef = "OBJ_84";
      };
      "OBJ_235" = {
         isa = "PBXBuildFile";
         fileRef = "OBJ_85";
      };
      "OBJ_236" = {
         isa = "PBXBuildFile";
         fileRef = "OBJ_86";
      };
      "OBJ_237" = {
         isa = "PBXFrameworksBuildPhase";
         files = (
         );
      };
      "OBJ_239" = {
         isa = "XCConfigurationList";
         buildConfigurations = (
            "OBJ_240",
            "OBJ_241"
         );
         defaultConfigurationIsVisible = "0";
         defaultConfigurationName = "Release";
      };
      "OBJ_24" = {
         isa = "PBXFileReference";
         path = "Memo.swift";
         sourceTree = "<group>";
      };
      "OBJ_240" = {
         isa = "XCBuildConfiguration";
         buildSettings = {
            LD = "/usr/bin/true";
            OTHER_SWIFT_FLAGS = (
               "-swift-version",
               "4",
               "-I",
               "$(TOOLCHAIN_DIR)/usr/lib/swift/pm/4",
               "-target",
               "x86_64-apple-macosx10.10",
               "-sdk",
               "/Applications/Xcode.app/Contents/Developer/Platforms/MacOSX.platform/Developer/SDKs/MacOSX10.14.sdk"
            );
            SWIFT_VERSION = "4.0";
         };
         name = "Debug";
      };
      "OBJ_241" = {
         isa = "XCBuildConfiguration";
         buildSettings = {
            LD = "/usr/bin/true";
            OTHER_SWIFT_FLAGS = (
               "-swift-version",
               "4",
               "-I",
               "$(TOOLCHAIN_DIR)/usr/lib/swift/pm/4",
               "-target",
               "x86_64-apple-macosx10.10",
               "-sdk",
               "/Applications/Xcode.app/Contents/Developer/Platforms/MacOSX.platform/Developer/SDKs/MacOSX10.14.sdk"
            );
            SWIFT_VERSION = "4.0";
         };
         name = "Release";
      };
      "OBJ_242" = {
         isa = "PBXSourcesBuildPhase";
         files = (
            "OBJ_243"
         );
      };
      "OBJ_243" = {
         isa = "PBXBuildFile";
         fileRef = "OBJ_30";
      };
      "OBJ_245" = {
         isa = "XCConfigurationList";
         buildConfigurations = (
            "OBJ_246",
            "OBJ_247"
         );
         defaultConfigurationIsVisible = "0";
         defaultConfigurationName = "Release";
      };
      "OBJ_246" = {
         isa = "XCBuildConfiguration";
         buildSettings = {
            FRAMEWORK_SEARCH_PATHS = (
               "$(inherited)",
               "$(PLATFORM_DIR)/Developer/Library/Frameworks"
            );
            HEADER_SEARCH_PATHS = (
               "$(inherited)"
            );
            INFOPLIST_FILE = "extract-amazon-orders.xcodeproj/extract_amazon_orders_Info.plist";
            LD_RUNPATH_SEARCH_PATHS = (
               "$(inherited)",
               "$(TOOLCHAIN_DIR)/usr/lib/swift/macosx",
               "@executable_path"
            );
            OTHER_CFLAGS = (
               "$(inherited)"
            );
            OTHER_LDFLAGS = (
               "$(inherited)"
            );
            OTHER_SWIFT_FLAGS = (
               "$(inherited)"
            );
            SWIFT_ACTIVE_COMPILATION_CONDITIONS = (
               "$(inherited)"
            );
            SWIFT_FORCE_DYNAMIC_LINK_STDLIB = "YES";
            SWIFT_FORCE_STATIC_LINK_STDLIB = "NO";
            SWIFT_VERSION = "4.2";
            TARGET_NAME = "extract-amazon-orders";
         };
         name = "Debug";
      };
      "OBJ_247" = {
         isa = "XCBuildConfiguration";
         buildSettings = {
            FRAMEWORK_SEARCH_PATHS = (
               "$(inherited)",
               "$(PLATFORM_DIR)/Developer/Library/Frameworks"
            );
            HEADER_SEARCH_PATHS = (
               "$(inherited)"
            );
            INFOPLIST_FILE = "extract-amazon-orders.xcodeproj/extract_amazon_orders_Info.plist";
            LD_RUNPATH_SEARCH_PATHS = (
               "$(inherited)",
               "$(TOOLCHAIN_DIR)/usr/lib/swift/macosx",
               "@executable_path"
            );
            OTHER_CFLAGS = (
               "$(inherited)"
            );
            OTHER_LDFLAGS = (
               "$(inherited)"
            );
            OTHER_SWIFT_FLAGS = (
               "$(inherited)"
            );
            SWIFT_ACTIVE_COMPILATION_CONDITIONS = (
               "$(inherited)"
            );
            SWIFT_FORCE_DYNAMIC_LINK_STDLIB = "YES";
            SWIFT_FORCE_STATIC_LINK_STDLIB = "NO";
            SWIFT_VERSION = "4.2";
            TARGET_NAME = "extract-amazon-orders";
         };
         name = "Release";
      };
      "OBJ_248" = {
         isa = "PBXSourcesBuildPhase";
         files = (
            "OBJ_249"
         );
      };
      "OBJ_249" = {
         isa = "PBXBuildFile";
         fileRef = "OBJ_9";
      };
      "OBJ_25" = {
         isa = "PBXFileReference";
         path = "Options.swift";
         sourceTree = "<group>";
      };
      "OBJ_250" = {
         isa = "PBXFrameworksBuildPhase";
         files = (
            "OBJ_251",
            "OBJ_252",
            "OBJ_253",
            "OBJ_254",
            "OBJ_255"
         );
      };
      "OBJ_251" = {
         isa = "PBXBuildFile";
         fileRef = "AmazonOrderExtractor::AmazonOrderExtractor::Product";
      };
      "OBJ_252" = {
         isa = "PBXBuildFile";
         fileRef = "Regex::Regex::Product";
      };
      "OBJ_253" = {
         isa = "PBXBuildFile";
         fileRef = "SwiftSoup::SwiftSoup::Product";
      };
      "OBJ_254" = {
         isa = "PBXBuildFile";
         fileRef = "MicrosoftOutlookScripting::MicrosoftOutlookScripting::Product";
      };
      "OBJ_255" = {
         isa = "PBXBuildFile";
         fileRef = "ScriptingUtilities::ScriptingUtilities::Product";
      };
      "OBJ_256" = {
         isa = "PBXTargetDependency";
         target = "AmazonOrderExtractor::AmazonOrderExtractor";
      };
      "OBJ_257" = {
         isa = "PBXTargetDependency";
         target = "Regex::Regex";
      };
      "OBJ_258" = {
         isa = "PBXTargetDependency";
         target = "SwiftSoup::SwiftSoup";
      };
      "OBJ_259" = {
         isa = "PBXTargetDependency";
         target = "MicrosoftOutlookScripting::MicrosoftOutlookScripting";
      };
      "OBJ_26" = {
         isa = "PBXFileReference";
         path = "Regex.swift";
         sourceTree = "<group>";
      };
      "OBJ_260" = {
         isa = "PBXTargetDependency";
         target = "ScriptingUtilities::ScriptingUtilities";
      };
      "OBJ_262" = {
         isa = "XCConfigurationList";
         buildConfigurations = (
            "OBJ_263",
            "OBJ_264"
         );
         defaultConfigurationIsVisible = "0";
         defaultConfigurationName = "Release";
      };
      "OBJ_263" = {
         isa = "XCBuildConfiguration";
         buildSettings = {
            LD = "/usr/bin/true";
            OTHER_SWIFT_FLAGS = (
               "-swift-version",
               "4.2",
               "-I",
               "$(TOOLCHAIN_DIR)/usr/lib/swift/pm/4_2",
               "-target",
               "x86_64-apple-macosx10.10",
               "-sdk",
               "/Applications/Xcode.app/Contents/Developer/Platforms/MacOSX.platform/Developer/SDKs/MacOSX10.14.sdk"
            );
            SWIFT_VERSION = "4.2";
         };
         name = "Debug";
      };
      "OBJ_264" = {
         isa = "XCBuildConfiguration";
         buildSettings = {
            LD = "/usr/bin/true";
            OTHER_SWIFT_FLAGS = (
               "-swift-version",
               "4.2",
               "-I",
               "$(TOOLCHAIN_DIR)/usr/lib/swift/pm/4_2",
               "-target",
               "x86_64-apple-macosx10.10",
               "-sdk",
               "/Applications/Xcode.app/Contents/Developer/Platforms/MacOSX.platform/Developer/SDKs/MacOSX10.14.sdk"
            );
            SWIFT_VERSION = "4.2";
         };
         name = "Release";
      };
      "OBJ_265" = {
         isa = "PBXSourcesBuildPhase";
         files = (
            "OBJ_266"
         );
      };
      "OBJ_266" = {
         isa = "PBXBuildFile";
         fileRef = "OBJ_6";
      };
      "OBJ_268" = {
         isa = "XCConfigurationList";
         buildConfigurations = (
            "OBJ_269",
            "OBJ_270"
         );
         defaultConfigurationIsVisible = "0";
         defaultConfigurationName = "Release";
      };
      "OBJ_269" = {
         isa = "XCBuildConfiguration";
         buildSettings = {
         };
         name = "Debug";
      };
      "OBJ_27" = {
         isa = "PBXFileReference";
         path = "String+ReplaceMatching.swift";
         sourceTree = "<group>";
      };
      "OBJ_270" = {
         isa = "XCBuildConfiguration";
         buildSettings = {
         };
         name = "Release";
      };
      "OBJ_271" = {
         isa = "PBXTargetDependency";
         target = "extract-amazon-orders::extract-amazon-ordersTests";
      };
      "OBJ_273" = {
         isa = "XCConfigurationList";
         buildConfigurations = (
            "OBJ_274",
            "OBJ_275"
         );
         defaultConfigurationIsVisible = "0";
         defaultConfigurationName = "Release";
      };
      "OBJ_274" = {
         isa = "XCBuildConfiguration";
         buildSettings = {
            CLANG_ENABLE_MODULES = "YES";
            EMBEDDED_CONTENT_CONTAINS_SWIFT = "YES";
            FRAMEWORK_SEARCH_PATHS = (
               "$(inherited)",
               "$(PLATFORM_DIR)/Developer/Library/Frameworks"
            );
            HEADER_SEARCH_PATHS = (
               "$(inherited)"
            );
            INFOPLIST_FILE = "extract-amazon-orders.xcodeproj/extract_amazon_ordersTests_Info.plist";
            LD_RUNPATH_SEARCH_PATHS = (
               "$(inherited)",
               "@loader_path/../Frameworks",
               "@loader_path/Frameworks"
            );
            OTHER_CFLAGS = (
               "$(inherited)"
            );
            OTHER_LDFLAGS = (
               "$(inherited)"
            );
            OTHER_SWIFT_FLAGS = (
               "$(inherited)"
            );
            SWIFT_ACTIVE_COMPILATION_CONDITIONS = (
               "$(inherited)"
            );
            SWIFT_VERSION = "4.2";
            TARGET_NAME = "extract-amazon-ordersTests";
         };
         name = "Debug";
      };
      "OBJ_275" = {
         isa = "XCBuildConfiguration";
         buildSettings = {
            CLANG_ENABLE_MODULES = "YES";
            EMBEDDED_CONTENT_CONTAINS_SWIFT = "YES";
            FRAMEWORK_SEARCH_PATHS = (
               "$(inherited)",
               "$(PLATFORM_DIR)/Developer/Library/Frameworks"
            );
            HEADER_SEARCH_PATHS = (
               "$(inherited)"
            );
            INFOPLIST_FILE = "extract-amazon-orders.xcodeproj/extract_amazon_ordersTests_Info.plist";
            LD_RUNPATH_SEARCH_PATHS = (
               "$(inherited)",
               "@loader_path/../Frameworks",
               "@loader_path/Frameworks"
            );
            OTHER_CFLAGS = (
               "$(inherited)"
            );
            OTHER_LDFLAGS = (
               "$(inherited)"
            );
            OTHER_SWIFT_FLAGS = (
               "$(inherited)"
            );
            SWIFT_ACTIVE_COMPILATION_CONDITIONS = (
               "$(inherited)"
            );
            SWIFT_VERSION = "4.2";
            TARGET_NAME = "extract-amazon-ordersTests";
         };
         name = "Release";
      };
      "OBJ_276" = {
         isa = "PBXSourcesBuildPhase";
         files = (
            "OBJ_277",
            "OBJ_278"
         );
      };
      "OBJ_277" = {
         isa = "PBXBuildFile";
         fileRef = "OBJ_12";
      };
      "OBJ_278" = {
         isa = "PBXBuildFile";
         fileRef = "OBJ_13";
      };
      "OBJ_279" = {
         isa = "PBXFrameworksBuildPhase";
         files = (
            "OBJ_280",
            "OBJ_281",
            "OBJ_282",
            "OBJ_283",
            "OBJ_284"
         );
      };
      "OBJ_28" = {
         isa = "PBXFileReference";
         path = "ThreadLocal.swift";
         sourceTree = "<group>";
      };
      "OBJ_280" = {
         isa = "PBXBuildFile";
         fileRef = "AmazonOrderExtractor::AmazonOrderExtractor::Product";
      };
      "OBJ_281" = {
         isa = "PBXBuildFile";
         fileRef = "Regex::Regex::Product";
      };
      "OBJ_282" = {
         isa = "PBXBuildFile";
         fileRef = "SwiftSoup::SwiftSoup::Product";
      };
      "OBJ_283" = {
         isa = "PBXBuildFile";
         fileRef = "MicrosoftOutlookScripting::MicrosoftOutlookScripting::Product";
      };
      "OBJ_284" = {
         isa = "PBXBuildFile";
         fileRef = "ScriptingUtilities::ScriptingUtilities::Product";
      };
      "OBJ_285" = {
         isa = "PBXTargetDependency";
         target = "extract-amazon-orders::extract-amazon-orders";
      };
      "OBJ_286" = {
         isa = "PBXTargetDependency";
         target = "AmazonOrderExtractor::AmazonOrderExtractor";
      };
      "OBJ_287" = {
         isa = "PBXTargetDependency";
         target = "Regex::Regex";
      };
      "OBJ_288" = {
         isa = "PBXTargetDependency";
         target = "SwiftSoup::SwiftSoup";
      };
      "OBJ_289" = {
         isa = "PBXTargetDependency";
         target = "MicrosoftOutlookScripting::MicrosoftOutlookScripting";
      };
      "OBJ_29" = {
         isa = "PBXGroup";
         children = (
            "OBJ_30",
            "OBJ_31",
            "OBJ_32",
            "OBJ_33",
            "OBJ_34",
            "OBJ_35",
            "OBJ_36",
            "OBJ_37",
            "OBJ_38",
            "OBJ_39",
            "OBJ_40",
            "OBJ_41",
            "OBJ_42",
            "OBJ_43",
            "OBJ_44",
            "OBJ_45",
            "OBJ_46",
            "OBJ_47",
            "OBJ_48",
            "OBJ_49",
            "OBJ_50",
            "OBJ_51",
            "OBJ_52",
            "OBJ_53",
            "OBJ_54",
            "OBJ_55",
            "OBJ_56",
            "OBJ_57",
            "OBJ_58",
            "OBJ_59",
            "OBJ_60",
            "OBJ_61",
            "OBJ_62",
            "OBJ_63",
            "OBJ_64",
            "OBJ_65",
            "OBJ_66",
            "OBJ_67",
            "OBJ_68",
            "OBJ_69",
            "OBJ_70",
            "OBJ_71",
            "OBJ_72",
            "OBJ_73",
            "OBJ_74",
            "OBJ_75",
            "OBJ_76",
            "OBJ_77",
            "OBJ_78",
            "OBJ_79",
            "OBJ_80",
            "OBJ_81",
            "OBJ_82",
            "OBJ_83",
            "OBJ_84",
            "OBJ_85",
            "OBJ_86"
         );
         name = "SwiftSoup";
         path = ".build/checkouts/SwiftSoup.git--9036523787764935322/Sources";
         sourceTree = "SOURCE_ROOT";
      };
      "OBJ_290" = {
         isa = "PBXTargetDependency";
         target = "ScriptingUtilities::ScriptingUtilities";
      };
      "OBJ_3" = {
         isa = "XCBuildConfiguration";
         buildSettings = {
            CLANG_ENABLE_OBJC_ARC = "YES";
            COMBINE_HIDPI_IMAGES = "YES";
            COPY_PHASE_STRIP = "NO";
            DEBUG_INFORMATION_FORMAT = "dwarf";
            DYLIB_INSTALL_NAME_BASE = "@rpath";
            ENABLE_NS_ASSERTIONS = "YES";
            GCC_OPTIMIZATION_LEVEL = "0";
            GCC_PREPROCESSOR_DEFINITIONS = (
               "DEBUG=1",
               "$(inherited)"
            );
            MACOSX_DEPLOYMENT_TARGET = "10.10";
            ONLY_ACTIVE_ARCH = "YES";
            OTHER_SWIFT_FLAGS = (
               "-DXcode"
            );
            PRODUCT_NAME = "$(TARGET_NAME)";
            SDKROOT = "macosx";
            SUPPORTED_PLATFORMS = (
               "macosx",
               "iphoneos",
               "iphonesimulator",
               "appletvos",
               "appletvsimulator",
               "watchos",
               "watchsimulator"
            );
            SWIFT_ACTIVE_COMPILATION_CONDITIONS = (
               "SWIFT_PACKAGE",
               "DEBUG"
            );
            SWIFT_OPTIMIZATION_LEVEL = "-Onone";
            USE_HEADERMAP = "NO";
         };
         name = "Debug";
      };
      "OBJ_30" = {
         isa = "PBXFileReference";
         explicitFileType = "sourcecode.swift";
         name = "Package.swift";
         path = "/Users/louismelahn/Documents/Projects/extract-amazon-orders/.build/checkouts/SwiftSoup.git--9036523787764935322/Package.swift";
         sourceTree = "<group>";
      };
      "OBJ_31" = {
         isa = "PBXFileReference";
         path = "ArrayExt.swift";
         sourceTree = "<group>";
      };
      "OBJ_32" = {
         isa = "PBXFileReference";
         path = "Attribute.swift";
         sourceTree = "<group>";
      };
      "OBJ_33" = {
         isa = "PBXFileReference";
         path = "Attributes.swift";
         sourceTree = "<group>";
      };
      "OBJ_34" = {
         isa = "PBXFileReference";
         path = "BooleanAttribute.swift";
         sourceTree = "<group>";
      };
      "OBJ_35" = {
         isa = "PBXFileReference";
         path = "CharacterExt.swift";
         sourceTree = "<group>";
      };
      "OBJ_36" = {
         isa = "PBXFileReference";
         path = "CharacterReader.swift";
         sourceTree = "<group>";
      };
      "OBJ_37" = {
         isa = "PBXFileReference";
         path = "Cleaner.swift";
         sourceTree = "<group>";
      };
      "OBJ_38" = {
         isa = "PBXFileReference";
         path = "Collector.swift";
         sourceTree = "<group>";
      };
      "OBJ_39" = {
         isa = "PBXFileReference";
         path = "CombiningEvaluator.swift";
         sourceTree = "<group>";
      };
      "OBJ_4" = {
         isa = "XCBuildConfiguration";
         buildSettings = {
            CLANG_ENABLE_OBJC_ARC = "YES";
            COMBINE_HIDPI_IMAGES = "YES";
            COPY_PHASE_STRIP = "YES";
            DEBUG_INFORMATION_FORMAT = "dwarf-with-dsym";
            DYLIB_INSTALL_NAME_BASE = "@rpath";
            GCC_OPTIMIZATION_LEVEL = "s";
            MACOSX_DEPLOYMENT_TARGET = "10.10";
            OTHER_SWIFT_FLAGS = (
               "-DXcode"
            );
            PRODUCT_NAME = "$(TARGET_NAME)";
            SDKROOT = "macosx";
            SUPPORTED_PLATFORMS = (
               "macosx",
               "iphoneos",
               "iphonesimulator",
               "appletvos",
               "appletvsimulator",
               "watchos",
               "watchsimulator"
            );
            SWIFT_ACTIVE_COMPILATION_CONDITIONS = (
               "SWIFT_PACKAGE"
            );
            SWIFT_OPTIMIZATION_LEVEL = "-Owholemodule";
            USE_HEADERMAP = "NO";
         };
         name = "Release";
      };
      "OBJ_40" = {
         isa = "PBXFileReference";
         path = "Comment.swift";
         sourceTree = "<group>";
      };
      "OBJ_41" = {
         isa = "PBXFileReference";
         path = "Connection.swift";
         sourceTree = "<group>";
      };
      "OBJ_42" = {
         isa = "PBXFileReference";
         path = "DataNode.swift";
         sourceTree = "<group>";
      };
      "OBJ_43" = {
         isa = "PBXFileReference";
         path = "DataUtil.swift";
         sourceTree = "<group>";
      };
      "OBJ_44" = {
         isa = "PBXFileReference";
         path = "Document.swift";
         sourceTree = "<group>";
      };
      "OBJ_45" = {
         isa = "PBXFileReference";
         path = "DocumentType.swift";
         sourceTree = "<group>";
      };
      "OBJ_46" = {
         isa = "PBXFileReference";
         path = "Element.swift";
         sourceTree = "<group>";
      };
      "OBJ_47" = {
         isa = "PBXFileReference";
         path = "Elements.swift";
         sourceTree = "<group>";
      };
      "OBJ_48" = {
         isa = "PBXFileReference";
         path = "Entities.swift";
         sourceTree = "<group>";
      };
      "OBJ_49" = {
         isa = "PBXFileReference";
         path = "Evaluator.swift";
         sourceTree = "<group>";
      };
      "OBJ_5" = {
         isa = "PBXGroup";
         children = (
            "OBJ_6",
            "OBJ_7",
            "OBJ_10",
            "OBJ_14",
            "OBJ_97"
         );
         path = "";
         sourceTree = "<group>";
      };
      "OBJ_50" = {
         isa = "PBXFileReference";
         path = "Exception.swift";
         sourceTree = "<group>";
      };
      "OBJ_51" = {
         isa = "PBXFileReference";
         path = "FormElement.swift";
         sourceTree = "<group>";
      };
      "OBJ_52" = {
         isa = "PBXFileReference";
         path = "HtmlTreeBuilder.swift";
         sourceTree = "<group>";
      };
      "OBJ_53" = {
         isa = "PBXFileReference";
         path = "HtmlTreeBuilderState.swift";
         sourceTree = "<group>";
      };
      "OBJ_54" = {
         isa = "PBXFileReference";
         path = "HttpStatusException.swift";
         sourceTree = "<group>";
      };
      "OBJ_55" = {
         isa = "PBXFileReference";
         path = "Node.swift";
         sourceTree = "<group>";
      };
      "OBJ_56" = {
         isa = "PBXFileReference";
         path = "NodeTraversor.swift";
         sourceTree = "<group>";
      };
      "OBJ_57" = {
         isa = "PBXFileReference";
         path = "NodeVisitor.swift";
         sourceTree = "<group>";
      };
      "OBJ_58" = {
         isa = "PBXFileReference";
         path = "OrderedDictionary.swift";
         sourceTree = "<group>";
      };
      "OBJ_59" = {
         isa = "PBXFileReference";
         path = "OrderedSet.swift";
         sourceTree = "<group>";
      };
      "OBJ_6" = {
         isa = "PBXFileReference";
         explicitFileType = "sourcecode.swift";
         path = "Package.swift";
         sourceTree = "<group>";
      };
      "OBJ_60" = {
         isa = "PBXFileReference";
         path = "ParseError.swift";
         sourceTree = "<group>";
      };
      "OBJ_61" = {
         isa = "PBXFileReference";
         path = "ParseErrorList.swift";
         sourceTree = "<group>";
      };
      "OBJ_62" = {
         isa = "PBXFileReference";
         path = "ParseSettings.swift";
         sourceTree = "<group>";
      };
      "OBJ_63" = {
         isa = "PBXFileReference";
         path = "Parser.swift";
         sourceTree = "<group>";
      };
      "OBJ_64" = {
         isa = "PBXFileReference";
         path = "Pattern.swift";
         sourceTree = "<group>";
      };
      "OBJ_65" = {
         isa = "PBXFileReference";
         path = "QueryParser.swift";
         sourceTree = "<group>";
      };
      "OBJ_66" = {
         isa = "PBXFileReference";
         path = "Selector.swift";
         sourceTree = "<group>";
      };
      "OBJ_67" = {
         isa = "PBXFileReference";
         path = "SerializationException.swift";
         sourceTree = "<group>";
      };
      "OBJ_68" = {
         isa = "PBXFileReference";
         path = "SimpleDictionary.swift";
         sourceTree = "<group>";
      };
      "OBJ_69" = {
         isa = "PBXFileReference";
         path = "StreamReader.swift";
         sourceTree = "<group>";
      };
      "OBJ_7" = {
         isa = "PBXGroup";
         children = (
            "OBJ_8"
         );
         name = "Sources";
         path = "";
         sourceTree = "SOURCE_ROOT";
      };
      "OBJ_70" = {
         isa = "PBXFileReference";
         path = "String.swift";
         sourceTree = "<group>";
      };
      "OBJ_71" = {
         isa = "PBXFileReference";
         path = "StringBuilder.swift";
         sourceTree = "<group>";
      };
      "OBJ_72" = {
         isa = "PBXFileReference";
         path = "StringUtil.swift";
         sourceTree = "<group>";
      };
      "OBJ_73" = {
         isa = "PBXFileReference";
         path = "StructuralEvaluator.swift";
         sourceTree = "<group>";
      };
      "OBJ_74" = {
         isa = "PBXFileReference";
         path = "SwiftSoup.swift";
         sourceTree = "<group>";
      };
      "OBJ_75" = {
         isa = "PBXFileReference";
         path = "Tag.swift";
         sourceTree = "<group>";
      };
      "OBJ_76" = {
         isa = "PBXFileReference";
         path = "TextNode.swift";
         sourceTree = "<group>";
      };
      "OBJ_77" = {
         isa = "PBXFileReference";
         path = "Token.swift";
         sourceTree = "<group>";
      };
      "OBJ_78" = {
         isa = "PBXFileReference";
         path = "TokenQueue.swift";
         sourceTree = "<group>";
      };
      "OBJ_79" = {
         isa = "PBXFileReference";
         path = "Tokeniser.swift";
         sourceTree = "<group>";
      };
      "OBJ_8" = {
         isa = "PBXGroup";
         children = (
            "OBJ_9"
         );
         name = "extract-amazon-orders";
         path = "Sources/extract-amazon-orders";
         sourceTree = "SOURCE_ROOT";
      };
      "OBJ_80" = {
         isa = "PBXFileReference";
         path = "TokeniserState.swift";
         sourceTree = "<group>";
      };
      "OBJ_81" = {
         isa = "PBXFileReference";
         path = "TreeBuilder.swift";
         sourceTree = "<group>";
      };
      "OBJ_82" = {
         isa = "PBXFileReference";
         path = "UnicodeScalar.swift";
         sourceTree = "<group>";
      };
      "OBJ_83" = {
         isa = "PBXFileReference";
         path = "Validate.swift";
         sourceTree = "<group>";
      };
      "OBJ_84" = {
         isa = "PBXFileReference";
         path = "Whitelist.swift";
         sourceTree = "<group>";
      };
      "OBJ_85" = {
         isa = "PBXFileReference";
         path = "XmlDeclaration.swift";
         sourceTree = "<group>";
      };
      "OBJ_86" = {
         isa = "PBXFileReference";
         path = "XmlTreeBuilder.swift";
         sourceTree = "<group>";
      };
      "OBJ_87" = {
         isa = "PBXGroup";
         children = (
            "OBJ_88",
            "OBJ_91"
         );
         name = "MicrosoftOutlookScripting";
         path = "";
         sourceTree = "SOURCE_ROOT";
      };
      "OBJ_88" = {
         isa = "PBXGroup";
         children = (
            "OBJ_89",
            "OBJ_90"
         );
         name = "MicrosoftOutlookScripting";
         path = ".build/checkouts/MicrosoftOutlookScripting.git--7092685290658155050/Sources/MicrosoftOutlookScripting";
         sourceTree = "SOURCE_ROOT";
      };
      "OBJ_89" = {
         isa = "PBXFileReference";
         path = "MicrosoftOutlook.swift";
         sourceTree = "<group>";
      };
      "OBJ_9" = {
         isa = "PBXFileReference";
         path = "main.swift";
         sourceTree = "<group>";
      };
      "OBJ_90" = {
         isa = "PBXFileReference";
         path = "MicrosoftOutlookScripting.swift";
         sourceTree = "<group>";
      };
      "OBJ_91" = {
         isa = "PBXFileReference";
         explicitFileType = "sourcecode.swift";
         name = "Package.swift";
         path = "/Users/louismelahn/Documents/Projects/extract-amazon-orders/.build/checkouts/MicrosoftOutlookScripting.git--7092685290658155050/Package.swift";
         sourceTree = "<group>";
      };
      "OBJ_92" = {
         isa = "PBXGroup";
         children = (
            "OBJ_93",
            "OBJ_96"
         );
         name = "ScriptingUtilities";
         path = "";
         sourceTree = "SOURCE_ROOT";
      };
      "OBJ_93" = {
         isa = "PBXGroup";
         children = (
            "OBJ_94",
            "OBJ_95"
         );
         name = "ScriptingUtilities";
         path = ".build/checkouts/ScriptingUtilities.git--2007011613481348713/Sources/ScriptingUtilities";
         sourceTree = "SOURCE_ROOT";
      };
      "OBJ_94" = {
         isa = "PBXFileReference";
         path = "AppUtilities.swift";
         sourceTree = "<group>";
      };
      "OBJ_95" = {
         isa = "PBXFileReference";
         path = "SundryUtilities.swift";
         sourceTree = "<group>";
      };
      "OBJ_96" = {
         isa = "PBXFileReference";
         explicitFileType = "sourcecode.swift";
         name = "Package.swift";
         path = "/Users/louismelahn/Documents/Projects/extract-amazon-orders/.build/checkouts/ScriptingUtilities.git--2007011613481348713/Package.swift";
         sourceTree = "<group>";
      };
      "OBJ_97" = {
         isa = "PBXGroup";
         children = (
            "MicrosoftOutlookScripting::MicrosoftOutlookScripting::Product",
            "SwiftSoup::SwiftSoup::Product",
            "extract-amazon-orders::extract-amazon-ordersTests::Product",
            "Regex::Regex::Product",
            "extract-amazon-orders::extract-amazon-orders::Product",
            "AmazonOrderExtractor::AmazonOrderExtractor::Product",
            "ScriptingUtilities::ScriptingUtilities::Product"
         );
         name = "Products";
         path = "";
         sourceTree = "BUILT_PRODUCTS_DIR";
      };
      "Regex::Regex" = {
         isa = "PBXNativeTarget";
         buildConfigurationList = "OBJ_146";
         buildPhases = (
            "OBJ_149",
            "OBJ_157"
         );
         dependencies = (
         );
         name = "Regex";
         productName = "Regex";
         productReference = "Regex::Regex::Product";
         productType = "com.apple.product-type.framework";
      };
      "Regex::Regex::Product" = {
         isa = "PBXFileReference";
         path = "Regex.framework";
         sourceTree = "BUILT_PRODUCTS_DIR";
      };
      "Regex::SwiftPMPackageDescription" = {
         isa = "PBXNativeTarget";
         buildConfigurationList = "OBJ_159";
         buildPhases = (
            "OBJ_162"
         );
         dependencies = (
         );
         name = "RegexPackageDescription";
         productName = "RegexPackageDescription";
         productType = "com.apple.product-type.framework";
      };
      "ScriptingUtilities::ScriptingUtilities" = {
         isa = "PBXNativeTarget";
         buildConfigurationList = "OBJ_164";
         buildPhases = (
            "OBJ_167",
            "OBJ_170"
         );
         dependencies = (
         );
         name = "ScriptingUtilities";
         productName = "ScriptingUtilities";
         productReference = "ScriptingUtilities::ScriptingUtilities::Product";
         productType = "com.apple.product-type.framework";
      };
      "ScriptingUtilities::ScriptingUtilities::Product" = {
         isa = "PBXFileReference";
         path = "ScriptingUtilities.framework";
         sourceTree = "BUILT_PRODUCTS_DIR";
      };
      "ScriptingUtilities::SwiftPMPackageDescription" = {
         isa = "PBXNativeTarget";
         buildConfigurationList = "OBJ_172";
         buildPhases = (
            "OBJ_175"
         );
         dependencies = (
         );
         name = "ScriptingUtilitiesPackageDescription";
         productName = "ScriptingUtilitiesPackageDescription";
         productType = "com.apple.product-type.framework";
      };
      "SwiftSoup::SwiftPMPackageDescription" = {
         isa = "PBXNativeTarget";
         buildConfigurationList = "OBJ_239";
         buildPhases = (
            "OBJ_242"
         );
         dependencies = (
         );
         name = "SwiftSoupPackageDescription";
         productName = "SwiftSoupPackageDescription";
         productType = "com.apple.product-type.framework";
      };
      "SwiftSoup::SwiftSoup" = {
         isa = "PBXNativeTarget";
         buildConfigurationList = "OBJ_177";
         buildPhases = (
            "OBJ_180",
            "OBJ_237"
         );
         dependencies = (
         );
         name = "SwiftSoup";
         productName = "SwiftSoup";
         productReference = "SwiftSoup::SwiftSoup::Product";
         productType = "com.apple.product-type.framework";
      };
      "SwiftSoup::SwiftSoup::Product" = {
         isa = "PBXFileReference";
         path = "SwiftSoup.framework";
         sourceTree = "BUILT_PRODUCTS_DIR";
      };
      "extract-amazon-orders::SwiftPMPackageDescription" = {
         isa = "PBXNativeTarget";
         buildConfigurationList = "OBJ_262";
         buildPhases = (
            "OBJ_265"
         );
         dependencies = (
         );
         name = "extract-amazon-ordersPackageDescription";
         productName = "extract-amazon-ordersPackageDescription";
         productType = "com.apple.product-type.framework";
      };
      "extract-amazon-orders::extract-amazon-orders" = {
         isa = "PBXNativeTarget";
         buildConfigurationList = "OBJ_245";
         buildPhases = (
            "OBJ_248",
            "OBJ_250"
         );
         dependencies = (
            "OBJ_256",
            "OBJ_257",
            "OBJ_258",
            "OBJ_259",
            "OBJ_260"
         );
         name = "extract-amazon-orders";
         productName = "extract_amazon_orders";
         productReference = "extract-amazon-orders::extract-amazon-orders::Product";
         productType = "com.apple.product-type.tool";
      };
      "extract-amazon-orders::extract-amazon-orders::Product" = {
         isa = "PBXFileReference";
         path = "extract-amazon-orders";
         sourceTree = "BUILT_PRODUCTS_DIR";
      };
      "extract-amazon-orders::extract-amazon-ordersPackageTests::ProductTarget" = {
         isa = "PBXAggregateTarget";
         buildConfigurationList = "OBJ_268";
         buildPhases = (
         );
         dependencies = (
            "OBJ_271"
         );
         name = "extract-amazon-ordersPackageTests";
         productName = "extract-amazon-ordersPackageTests";
      };
      "extract-amazon-orders::extract-amazon-ordersTests" = {
         isa = "PBXNativeTarget";
         buildConfigurationList = "OBJ_273";
         buildPhases = (
            "OBJ_276",
            "OBJ_279"
         );
         dependencies = (
            "OBJ_285",
            "OBJ_286",
            "OBJ_287",
            "OBJ_288",
            "OBJ_289",
            "OBJ_290"
         );
         name = "extract-amazon-ordersTests";
         productName = "extract_amazon_ordersTests";
         productReference = "extract-amazon-orders::extract-amazon-ordersTests::Product";
         productType = "com.apple.product-type.bundle.unit-test";
      };
      "extract-amazon-orders::extract-amazon-ordersTests::Product" = {
         isa = "PBXFileReference";
         path = "extract_amazon_ordersTests.xctest";
         sourceTree = "BUILT_PRODUCTS_DIR";
      };
   };
   rootObject = "OBJ_1";
}
